
Microsoft Visual Studio Solution File, Format Version 12.00
# Visual Studio Version 16
VisualStudioVersion = 16.0.30320.27
MinimumVisualStudioVersion = 10.0.40219.1
Project("{2150E333-8FDC-42A3-9474-1A3956D46DE8}") = "src", "src", "{035D6E55-1A9F-4A2E-BADE-7628B225852E}"
EndProject
Project("{2150E333-8FDC-42A3-9474-1A3956D46DE8}") = "Building Blocks", "Building Blocks", "{75073F17-0543-4321-84D5-54C8B4245BB9}"
EndProject
Project("{2150E333-8FDC-42A3-9474-1A3956D46DE8}") = "Serives", "Serives", "{93A63091-ADDA-4C1D-B3C2-69309CB7635A}"
EndProject
Project("{2150E333-8FDC-42A3-9474-1A3956D46DE8}") = "Web", "Web", "{61AF0486-1E31-4C37-B2AA-F1B2EDC687D8}"
EndProject
Project("{2150E333-8FDC-42A3-9474-1A3956D46DE8}") = "Identidade", "Identidade", "{81F13272-7710-413C-B593-5A698721A6FE}"
EndProject
Project("{9A19103F-16F7-4668-BE54-9A1E7A4F7556}") = "NSE.Identidade.API", "src\services\NSE.Identidade.API\NSE.Identidade.API.csproj", "{6F5B1977-39BB-4590-B1AA-809BF2B53CAC}"
EndProject
Project("{2150E333-8FDC-42A3-9474-1A3956D46DE8}") = "MVC", "MVC", "{F6F32689-C38E-46D2-8E4E-85F64596BED2}"
EndProject
Project("{9A19103F-16F7-4668-BE54-9A1E7A4F7556}") = "NSE.WebApp.MVC", "src\web\NSE.WebApp.MVC\NSE.WebApp.MVC.csproj", "{D1DDBE6A-C102-4537-ADA0-03D97F0FC8C1}"
EndProject
Project("{2150E333-8FDC-42A3-9474-1A3956D46DE8}") = "Core", "Core", "{7D419610-89EF-493B-AD50-8DDCC93AEFC6}"
EndProject
Project("{9A19103F-16F7-4668-BE54-9A1E7A4F7556}") = "NSE.Core", "src\building blocks\NSE.Core\NSE.Core.csproj", "{2AEA8D07-8570-4C59-84F0-E058011E12D3}"
EndProject
Project("{2150E333-8FDC-42A3-9474-1A3956D46DE8}") = "Carrinho", "Carrinho", "{E500DAB8-DBDF-47D5-834E-ACCEB44A5DCB}"
EndProject
Project("{2150E333-8FDC-42A3-9474-1A3956D46DE8}") = "Catalogo", "Catalogo", "{B623F993-63BE-47F5-8655-FB092B0FC6B6}"
EndProject
Project("{2150E333-8FDC-42A3-9474-1A3956D46DE8}") = "Cliente", "Cliente", "{AE15F637-A1F3-4CDE-82F2-A6AB09C0B48B}"
EndProject
Project("{2150E333-8FDC-42A3-9474-1A3956D46DE8}") = "Pagamento", "Pagamento", "{B8B52EAF-EFCB-4DAE-BBC0-A33ED7577380}"
EndProject
Project("{2150E333-8FDC-42A3-9474-1A3956D46DE8}") = "Pedido", "Pedido", "{B12949C5-5EEF-4CEC-91A4-13E4E1B10A8A}"
EndProject
Project("{9A19103F-16F7-4668-BE54-9A1E7A4F7556}") = "NSE.Carrinho.API", "src\services\NSE.Carrinho.API\NSE.Carrinho.API.csproj", "{9D55591C-5D02-4C7C-B485-D2140811FDBE}"
EndProject
Project("{9A19103F-16F7-4668-BE54-9A1E7A4F7556}") = "NSE.Catalogo.API", "src\services\NSE.Catalogo.API\NSE.Catalogo.API.csproj", "{A8276814-1F5D-4D4B-B1B3-0E86C960AC0E}"
EndProject
Project("{9A19103F-16F7-4668-BE54-9A1E7A4F7556}") = "NSE.Cliente.API", "src\services\NSE.Cliente.API\NSE.Cliente.API.csproj", "{0FC56B44-A879-4AF8-9FA8-EA0686C194E8}"
EndProject
Project("{9A19103F-16F7-4668-BE54-9A1E7A4F7556}") = "NSE.Pagamento.API", "src\services\NSE.Pagamento.API\NSE.Pagamento.API.csproj", "{3BF25A02-9064-4BB7-9DD6-1408A4D410E6}"
EndProject
Project("{9A19103F-16F7-4668-BE54-9A1E7A4F7556}") = "NSE.Pedido.API", "src\services\NSE.Pedido.API\NSE.Pedido.API.csproj", "{904EBCED-E2B6-46BA-9C1E-FB200834ADCB}"
EndProject
Project("{2150E333-8FDC-42A3-9474-1A3956D46DE8}") = "Services", "Services", "{BD0AEA35-DB32-4DF9-9ECA-64ACA409964B}"
EndProject
Project("{9A19103F-16F7-4668-BE54-9A1E7A4F7556}") = "NSE.WebAPI.Core", "NSE.WebAPI.Core\NSE.WebAPI.Core.csproj", "{B37E88DD-A5EB-4DD9-89A3-3B13ABE3BD99}"
EndProject
Global
	GlobalSection(SolutionConfigurationPlatforms) = preSolution
		Debug|Any CPU = Debug|Any CPU
		Release|Any CPU = Release|Any CPU
	EndGlobalSection
	GlobalSection(ProjectConfigurationPlatforms) = postSolution
		{6F5B1977-39BB-4590-B1AA-809BF2B53CAC}.Debug|Any CPU.ActiveCfg = Debug|Any CPU
		{6F5B1977-39BB-4590-B1AA-809BF2B53CAC}.Debug|Any CPU.Build.0 = Debug|Any CPU
		{6F5B1977-39BB-4590-B1AA-809BF2B53CAC}.Release|Any CPU.ActiveCfg = Release|Any CPU
		{6F5B1977-39BB-4590-B1AA-809BF2B53CAC}.Release|Any CPU.Build.0 = Release|Any CPU
		{D1DDBE6A-C102-4537-ADA0-03D97F0FC8C1}.Debug|Any CPU.ActiveCfg = Debug|Any CPU
		{D1DDBE6A-C102-4537-ADA0-03D97F0FC8C1}.Debug|Any CPU.Build.0 = Debug|Any CPU
		{D1DDBE6A-C102-4537-ADA0-03D97F0FC8C1}.Release|Any CPU.ActiveCfg = Release|Any CPU
		{D1DDBE6A-C102-4537-ADA0-03D97F0FC8C1}.Release|Any CPU.Build.0 = Release|Any CPU
		{2AEA8D07-8570-4C59-84F0-E058011E12D3}.Debug|Any CPU.ActiveCfg = Debug|Any CPU
		{2AEA8D07-8570-4C59-84F0-E058011E12D3}.Debug|Any CPU.Build.0 = Debug|Any CPU
		{2AEA8D07-8570-4C59-84F0-E058011E12D3}.Release|Any CPU.ActiveCfg = Release|Any CPU
		{2AEA8D07-8570-4C59-84F0-E058011E12D3}.Release|Any CPU.Build.0 = Release|Any CPU
		{9D55591C-5D02-4C7C-B485-D2140811FDBE}.Debug|Any CPU.ActiveCfg = Debug|Any CPU
		{9D55591C-5D02-4C7C-B485-D2140811FDBE}.Debug|Any CPU.Build.0 = Debug|Any CPU
		{9D55591C-5D02-4C7C-B485-D2140811FDBE}.Release|Any CPU.ActiveCfg = Release|Any CPU
		{9D55591C-5D02-4C7C-B485-D2140811FDBE}.Release|Any CPU.Build.0 = Release|Any CPU
		{A8276814-1F5D-4D4B-B1B3-0E86C960AC0E}.Debug|Any CPU.ActiveCfg = Debug|Any CPU
		{A8276814-1F5D-4D4B-B1B3-0E86C960AC0E}.Debug|Any CPU.Build.0 = Debug|Any CPU
		{A8276814-1F5D-4D4B-B1B3-0E86C960AC0E}.Release|Any CPU.ActiveCfg = Release|Any CPU
		{A8276814-1F5D-4D4B-B1B3-0E86C960AC0E}.Release|Any CPU.Build.0 = Release|Any CPU
		{0FC56B44-A879-4AF8-9FA8-EA0686C194E8}.Debug|Any CPU.ActiveCfg = Debug|Any CPU
		{0FC56B44-A879-4AF8-9FA8-EA0686C194E8}.Debug|Any CPU.Build.0 = Debug|Any CPU
		{0FC56B44-A879-4AF8-9FA8-EA0686C194E8}.Release|Any CPU.ActiveCfg = Release|Any CPU
		{0FC56B44-A879-4AF8-9FA8-EA0686C194E8}.Release|Any CPU.Build.0 = Release|Any CPU
		{3BF25A02-9064-4BB7-9DD6-1408A4D410E6}.Debug|Any CPU.ActiveCfg = Debug|Any CPU
		{3BF25A02-9064-4BB7-9DD6-1408A4D410E6}.Debug|Any CPU.Build.0 = Debug|Any CPU
		{3BF25A02-9064-4BB7-9DD6-1408A4D410E6}.Release|Any CPU.ActiveCfg = Release|Any CPU
		{3BF25A02-9064-4BB7-9DD6-1408A4D410E6}.Release|Any CPU.Build.0 = Release|Any CPU
		{904EBCED-E2B6-46BA-9C1E-FB200834ADCB}.Debug|Any CPU.ActiveCfg = Debug|Any CPU
		{904EBCED-E2B6-46BA-9C1E-FB200834ADCB}.Debug|Any CPU.Build.0 = Debug|Any CPU
		{904EBCED-E2B6-46BA-9C1E-FB200834ADCB}.Release|Any CPU.ActiveCfg = Release|Any CPU
		{904EBCED-E2B6-46BA-9C1E-FB200834ADCB}.Release|Any CPU.Build.0 = Release|Any CPU
		{B37E88DD-A5EB-4DD9-89A3-3B13ABE3BD99}.Debug|Any CPU.ActiveCfg = Debug|Any CPU
		{B37E88DD-A5EB-4DD9-89A3-3B13ABE3BD99}.Debug|Any CPU.Build.0 = Debug|Any CPU
		{B37E88DD-A5EB-4DD9-89A3-3B13ABE3BD99}.Release|Any CPU.ActiveCfg = Release|Any CPU
		{B37E88DD-A5EB-4DD9-89A3-3B13ABE3BD99}.Release|Any CPU.Build.0 = Release|Any CPU
	EndGlobalSection
	GlobalSection(SolutionProperties) = preSolution
		HideSolutionNode = FALSE
	EndGlobalSection
	GlobalSection(NestedProjects) = preSolution
		{75073F17-0543-4321-84D5-54C8B4245BB9} = {035D6E55-1A9F-4A2E-BADE-7628B225852E}
		{93A63091-ADDA-4C1D-B3C2-69309CB7635A} = {035D6E55-1A9F-4A2E-BADE-7628B225852E}
		{61AF0486-1E31-4C37-B2AA-F1B2EDC687D8} = {035D6E55-1A9F-4A2E-BADE-7628B225852E}
		{81F13272-7710-413C-B593-5A698721A6FE} = {93A63091-ADDA-4C1D-B3C2-69309CB7635A}
		{6F5B1977-39BB-4590-B1AA-809BF2B53CAC} = {81F13272-7710-413C-B593-5A698721A6FE}
		{F6F32689-C38E-46D2-8E4E-85F64596BED2} = {61AF0486-1E31-4C37-B2AA-F1B2EDC687D8}
		{D1DDBE6A-C102-4537-ADA0-03D97F0FC8C1} = {F6F32689-C38E-46D2-8E4E-85F64596BED2}
		{7D419610-89EF-493B-AD50-8DDCC93AEFC6} = {75073F17-0543-4321-84D5-54C8B4245BB9}
		{2AEA8D07-8570-4C59-84F0-E058011E12D3} = {7D419610-89EF-493B-AD50-8DDCC93AEFC6}
		{E500DAB8-DBDF-47D5-834E-ACCEB44A5DCB} = {93A63091-ADDA-4C1D-B3C2-69309CB7635A}
		{B623F993-63BE-47F5-8655-FB092B0FC6B6} = {93A63091-ADDA-4C1D-B3C2-69309CB7635A}
		{AE15F637-A1F3-4CDE-82F2-A6AB09C0B48B} = {93A63091-ADDA-4C1D-B3C2-69309CB7635A}
		{B8B52EAF-EFCB-4DAE-BBC0-A33ED7577380} = {93A63091-ADDA-4C1D-B3C2-69309CB7635A}
		{B12949C5-5EEF-4CEC-91A4-13E4E1B10A8A} = {93A63091-ADDA-4C1D-B3C2-69309CB7635A}
		{9D55591C-5D02-4C7C-B485-D2140811FDBE} = {E500DAB8-DBDF-47D5-834E-ACCEB44A5DCB}
		{A8276814-1F5D-4D4B-B1B3-0E86C960AC0E} = {B623F993-63BE-47F5-8655-FB092B0FC6B6}
		{0FC56B44-A879-4AF8-9FA8-EA0686C194E8} = {AE15F637-A1F3-4CDE-82F2-A6AB09C0B48B}
		{3BF25A02-9064-4BB7-9DD6-1408A4D410E6} = {B8B52EAF-EFCB-4DAE-BBC0-A33ED7577380}
		{904EBCED-E2B6-46BA-9C1E-FB200834ADCB} = {B12949C5-5EEF-4CEC-91A4-13E4E1B10A8A}
		{BD0AEA35-DB32-4DF9-9ECA-64ACA409964B} = {75073F17-0543-4321-84D5-54C8B4245BB9}
		{B37E88DD-A5EB-4DD9-89A3-3B13ABE3BD99} = {BD0AEA35-DB32-4DF9-9ECA-64ACA409964B}
	EndGlobalSection
	GlobalSection(ExtensibilityGlobals) = postSolution
		SolutionGuid = {DFE53D9A-7BDE-4AF8-AE21-D82B6455A720}
	EndGlobalSection
EndGlobal
